
Microsoft Visual Studio Solution File, Format Version 12.00
# Visual Studio Version 17
VisualStudioVersion = 17.5.002.0
MinimumVisualStudioVersion = 10.0.40219.1
Project("{9A19103F-16F7-4668-BE54-9A1E7A4F7556}") = "Projeto_Mathias", "Projeto_Mathias\Projeto_Mathias.csproj", "{E85504C2-76F0-4CFD-8F8F-D14974424043}"
EndProject
Global
	GlobalSection(SolutionConfigurationPlatforms) = preSolution
		Debug|Any CPU = Debug|Any CPU
		Release|Any CPU = Release|Any CPU
	EndGlobalSection
	GlobalSection(ProjectConfigurationPlatforms) = postSolution
		{E85504C2-76F0-4CFD-8F8F-D14974424043}.Debug|Any CPU.ActiveCfg = Debug|Any CPU
		{E85504C2-76F0-4CFD-8F8F-D14974424043}.Debug|Any CPU.Build.0 = Debug|Any CPU
		{E85504C2-76F0-4CFD-8F8F-D14974424043}.Release|Any CPU.ActiveCfg = Release|Any CPU
		{E85504C2-76F0-4CFD-8F8F-D14974424043}.Release|Any CPU.Build.0 = Release|Any CPU
	EndGlobalSection
	GlobalSection(SolutionProperties) = preSolution
		HideSolutionNode = FALSE
	EndGlobalSection
	GlobalSection(ExtensibilityGlobals) = postSolution
		SolutionGuid = {E511C820-E04A-42D3-958E-C3125FE2D3CD}
	EndGlobalSection
EndGlobal
